
Microsoft Visual Studio Solution File, Format Version 12.00
# Visual Studio Version 17
VisualStudioVersion = 17.5.33530.505
MinimumVisualStudioVersion = 10.0.40219.1
Project("{FAE04EC0-301F-11D3-BF4B-00C04F79EFBC}") = "TpFinal 2", "TpFinal 2\TpFinal 2.csproj", "{5536313C-CAFA-42C0-87FE-9C3B31E189E3}"
EndProject
Project("{FAE04EC0-301F-11D3-BF4B-00C04F79EFBC}") = "dominio", "dominio\dominio.csproj", "{4851B21B-F07A-4BDB-948C-20F821F68094}"
EndProject
Project("{FAE04EC0-301F-11D3-BF4B-00C04F79EFBC}") = "Negocio", "Negocio\Negocio.csproj", "{53A3C49A-9A48-4C7E-8A79-B71C4BA61571}"
EndProject
Project("{FAE04EC0-301F-11D3-BF4B-00C04F79EFBC}") = "Datos", "Datos\Datos.csproj", "{304F2AC8-7EB3-4721-997A-5F326E4A0405}"
EndProject
Global
	GlobalSection(SolutionConfigurationPlatforms) = preSolution
		Debug|Any CPU = Debug|Any CPU
		Release|Any CPU = Release|Any CPU
	EndGlobalSection
	GlobalSection(ProjectConfigurationPlatforms) = postSolution
		{5536313C-CAFA-42C0-87FE-9C3B31E189E3}.Debug|Any CPU.ActiveCfg = Debug|Any CPU
		{5536313C-CAFA-42C0-87FE-9C3B31E189E3}.Debug|Any CPU.Build.0 = Debug|Any CPU
		{5536313C-CAFA-42C0-87FE-9C3B31E189E3}.Release|Any CPU.ActiveCfg = Release|Any CPU
		{5536313C-CAFA-42C0-87FE-9C3B31E189E3}.Release|Any CPU.Build.0 = Release|Any CPU
		{4851B21B-F07A-4BDB-948C-20F821F68094}.Debug|Any CPU.ActiveCfg = Debug|Any CPU
		{4851B21B-F07A-4BDB-948C-20F821F68094}.Debug|Any CPU.Build.0 = Debug|Any CPU
		{4851B21B-F07A-4BDB-948C-20F821F68094}.Release|Any CPU.ActiveCfg = Release|Any CPU
		{4851B21B-F07A-4BDB-948C-20F821F68094}.Release|Any CPU.Build.0 = Release|Any CPU
		{53A3C49A-9A48-4C7E-8A79-B71C4BA61571}.Debug|Any CPU.ActiveCfg = Debug|Any CPU
		{53A3C49A-9A48-4C7E-8A79-B71C4BA61571}.Debug|Any CPU.Build.0 = Debug|Any CPU
		{53A3C49A-9A48-4C7E-8A79-B71C4BA61571}.Release|Any CPU.ActiveCfg = Release|Any CPU
		{53A3C49A-9A48-4C7E-8A79-B71C4BA61571}.Release|Any CPU.Build.0 = Release|Any CPU
		{304F2AC8-7EB3-4721-997A-5F326E4A0405}.Debug|Any CPU.ActiveCfg = Debug|Any CPU
		{304F2AC8-7EB3-4721-997A-5F326E4A0405}.Debug|Any CPU.Build.0 = Debug|Any CPU
		{304F2AC8-7EB3-4721-997A-5F326E4A0405}.Release|Any CPU.ActiveCfg = Release|Any CPU
		{304F2AC8-7EB3-4721-997A-5F326E4A0405}.Release|Any CPU.Build.0 = Release|Any CPU
	EndGlobalSection
	GlobalSection(SolutionProperties) = preSolution
		HideSolutionNode = FALSE
	EndGlobalSection
	GlobalSection(ExtensibilityGlobals) = postSolution
		SolutionGuid = {7D6D2AD3-F954-4CE8-9C03-470B836DC3F7}
	EndGlobalSection
EndGlobal
